
Microsoft Visual Studio Solution File, Format Version 12.00
# Visual Studio Version 17
VisualStudioVersion = 17.13.35919.96
MinimumVisualStudioVersion = 10.0.40219.1
Project("{FAE04EC0-301F-11D3-BF4B-00C04F79EFBC}") = "StockApp.UI", "StockApp.UI.csproj", "{D4AC377E-F6F0-467E-B86F-3D750548F704}"
EndProject
Project("{2150E333-8FDC-42A3-9474-1A3956D46DE8}") = "src", "src", "{02EA681E-C7D8-13C7-8484-4AC65E1B71E8}"
EndProject
Project("{2150E333-8FDC-42A3-9474-1A3956D46DE8}") = "tests", "tests", "{5B16ADFC-6D7B-42B5-BB57-A0C52258BBB6}"
EndProject
Project("{FAE04EC0-301F-11D3-BF4B-00C04F79EFBC}") = "StockApp.Core", "..\StockApp.Core\StockApp.Core.csproj", "{379D347F-CAFF-41FD-ACCB-9F236E8E3D97}"
EndProject
Project("{FAE04EC0-301F-11D3-BF4B-00C04F79EFBC}") = "StockApp.Infrastructure", "..\StockApp.Infrastructure\StockApp.Infrastructure.csproj", "{52EB0102-7FD0-48FF-B7B8-B3602AF112C9}"
EndProject
Project("{FAE04EC0-301F-11D3-BF4B-00C04F79EFBC}") = "StockApp.ControllerTests", "..\StockApp.StocksControllerTests\StockApp.ControllerTests.csproj", "{9D4392D7-D18B-4467-942F-0FF942D2848B}"
EndProject
Project("{FAE04EC0-301F-11D3-BF4B-00C04F79EFBC}") = "StockApp.IntegrationTests", "..\StockApp.IntegrationTests\StockApp.IntegrationTests.csproj", "{54096496-6CE2-460E-A951-5156475F7901}"
EndProject
Project("{FAE04EC0-301F-11D3-BF4B-00C04F79EFBC}") = "StockApp.ServiceTests", "..\StockApp.ServiceTests\StockApp.ServiceTests.csproj", "{D5AA009E-86CD-4F4C-8879-A408096C4912}"
EndProject
Global
	GlobalSection(SolutionConfigurationPlatforms) = preSolution
		Debug|Any CPU = Debug|Any CPU
		Release|Any CPU = Release|Any CPU
	EndGlobalSection
	GlobalSection(ProjectConfigurationPlatforms) = postSolution
		{D4AC377E-F6F0-467E-B86F-3D750548F704}.Debug|Any CPU.ActiveCfg = Debug|Any CPU
		{D4AC377E-F6F0-467E-B86F-3D750548F704}.Debug|Any CPU.Build.0 = Debug|Any CPU
		{D4AC377E-F6F0-467E-B86F-3D750548F704}.Release|Any CPU.ActiveCfg = Release|Any CPU
		{D4AC377E-F6F0-467E-B86F-3D750548F704}.Release|Any CPU.Build.0 = Release|Any CPU
		{379D347F-CAFF-41FD-ACCB-9F236E8E3D97}.Debug|Any CPU.ActiveCfg = Debug|Any CPU
		{379D347F-CAFF-41FD-ACCB-9F236E8E3D97}.Debug|Any CPU.Build.0 = Debug|Any CPU
		{379D347F-CAFF-41FD-ACCB-9F236E8E3D97}.Release|Any CPU.ActiveCfg = Release|Any CPU
		{379D347F-CAFF-41FD-ACCB-9F236E8E3D97}.Release|Any CPU.Build.0 = Release|Any CPU
		{52EB0102-7FD0-48FF-B7B8-B3602AF112C9}.Debug|Any CPU.ActiveCfg = Debug|Any CPU
		{52EB0102-7FD0-48FF-B7B8-B3602AF112C9}.Debug|Any CPU.Build.0 = Debug|Any CPU
		{52EB0102-7FD0-48FF-B7B8-B3602AF112C9}.Release|Any CPU.ActiveCfg = Release|Any CPU
		{52EB0102-7FD0-48FF-B7B8-B3602AF112C9}.Release|Any CPU.Build.0 = Release|Any CPU
		{9D4392D7-D18B-4467-942F-0FF942D2848B}.Debug|Any CPU.ActiveCfg = Debug|Any CPU
		{9D4392D7-D18B-4467-942F-0FF942D2848B}.Debug|Any CPU.Build.0 = Debug|Any CPU
		{9D4392D7-D18B-4467-942F-0FF942D2848B}.Release|Any CPU.ActiveCfg = Release|Any CPU
		{9D4392D7-D18B-4467-942F-0FF942D2848B}.Release|Any CPU.Build.0 = Release|Any CPU
		{54096496-6CE2-460E-A951-5156475F7901}.Debug|Any CPU.ActiveCfg = Debug|Any CPU
		{54096496-6CE2-460E-A951-5156475F7901}.Debug|Any CPU.Build.0 = Debug|Any CPU
		{54096496-6CE2-460E-A951-5156475F7901}.Release|Any CPU.ActiveCfg = Release|Any CPU
		{54096496-6CE2-460E-A951-5156475F7901}.Release|Any CPU.Build.0 = Release|Any CPU
		{D5AA009E-86CD-4F4C-8879-A408096C4912}.Debug|Any CPU.ActiveCfg = Debug|Any CPU
		{D5AA009E-86CD-4F4C-8879-A408096C4912}.Debug|Any CPU.Build.0 = Debug|Any CPU
		{D5AA009E-86CD-4F4C-8879-A408096C4912}.Release|Any CPU.ActiveCfg = Release|Any CPU
		{D5AA009E-86CD-4F4C-8879-A408096C4912}.Release|Any CPU.Build.0 = Release|Any CPU
	EndGlobalSection
	GlobalSection(SolutionProperties) = preSolution
		HideSolutionNode = FALSE
	EndGlobalSection
	GlobalSection(NestedProjects) = preSolution
		{D4AC377E-F6F0-467E-B86F-3D750548F704} = {02EA681E-C7D8-13C7-8484-4AC65E1B71E8}
		{379D347F-CAFF-41FD-ACCB-9F236E8E3D97} = {02EA681E-C7D8-13C7-8484-4AC65E1B71E8}
		{52EB0102-7FD0-48FF-B7B8-B3602AF112C9} = {02EA681E-C7D8-13C7-8484-4AC65E1B71E8}
		{9D4392D7-D18B-4467-942F-0FF942D2848B} = {5B16ADFC-6D7B-42B5-BB57-A0C52258BBB6}
		{54096496-6CE2-460E-A951-5156475F7901} = {5B16ADFC-6D7B-42B5-BB57-A0C52258BBB6}
		{D5AA009E-86CD-4F4C-8879-A408096C4912} = {5B16ADFC-6D7B-42B5-BB57-A0C52258BBB6}
	EndGlobalSection
	GlobalSection(ExtensibilityGlobals) = postSolution
		SolutionGuid = {EE5E4341-A864-4E1C-9CFE-C69DF7E7DB74}
	EndGlobalSection
EndGlobal
